
Microsoft Visual Studio Solution File, Format Version 12.00
# Visual Studio Version 16
VisualStudioVersion = 16.0.30406.217
MinimumVisualStudioVersion = 10.0.40219.1
Project("{FAE04EC0-301F-11D3-BF4B-00C04F79EFBC}") = "TreeApp", "TreeApp\TreeApp.csproj", "{CCBAB62C-E316-41DD-A29B-135AD5622173}"
EndProject
Global
	GlobalSection(SolutionConfigurationPlatforms) = preSolution
		Debug|Any CPU = Debug|Any CPU
		Release|Any CPU = Release|Any CPU
	EndGlobalSection
	GlobalSection(ProjectConfigurationPlatforms) = postSolution
		{CCBAB62C-E316-41DD-A29B-135AD5622173}.Debug|Any CPU.ActiveCfg = Debug|Any CPU
		{CCBAB62C-E316-41DD-A29B-135AD5622173}.Debug|Any CPU.Build.0 = Debug|Any CPU
		{CCBAB62C-E316-41DD-A29B-135AD5622173}.Release|Any CPU.ActiveCfg = Release|Any CPU
		{CCBAB62C-E316-41DD-A29B-135AD5622173}.Release|Any CPU.Build.0 = Release|Any CPU
	EndGlobalSection
	GlobalSection(SolutionProperties) = preSolution
		HideSolutionNode = FALSE
	EndGlobalSection
	GlobalSection(ExtensibilityGlobals) = postSolution
		SolutionGuid = {7E253811-ACA4-4E6B-A656-2A92FE0435A6}
	EndGlobalSection
EndGlobal
